
Microsoft Visual Studio Solution File, Format Version 12.00
# Visual Studio Version 17
VisualStudioVersion = 17.3.32901.215
MinimumVisualStudioVersion = 10.0.40219.1
Project("{9A19103F-16F7-4668-BE54-9A1E7A4F7556}") = "E-Shop.ApiGateway", "E-Shop.ApiGateway\E-Shop.ApiGateway.csproj", "{C38A89CE-CE62-47D0-9005-248865506E4D}"
EndProject
Project("{9A19103F-16F7-4668-BE54-9A1E7A4F7556}") = "E-Shop.User.Api", "E-Shop.User.Api\E-Shop.User.Api.csproj", "{45D2EB81-9515-4619-AA1C-5ED167145A56}"
EndProject
Project("{9A19103F-16F7-4668-BE54-9A1E7A4F7556}") = "E-Shop.Product.Api", "E-Shop.Product.Api\E-Shop.Product.Api.csproj", "{0D9F6C24-3852-4653-9CE7-E4D44B61692B}"
EndProject
Project("{9A19103F-16F7-4668-BE54-9A1E7A4F7556}") = "E-Shop.Order.Api", "E-Shop.Order.Api\E-Shop.Order.Api.csproj", "{591C98B6-89E0-4647-B48A-985AC1C3B1A7}"
EndProject
Project("{FAE04EC0-301F-11D3-BF4B-00C04F79EFBC}") = "E-Shop.Infrastructure", "E-Shop.Infrastructure\E-Shop.Infrastructure.csproj", "{BD58EFC2-9B9C-455C-AB8F-0E85B8C6FF76}"
EndProject
Global
	GlobalSection(SolutionConfigurationPlatforms) = preSolution
		Debug|Any CPU = Debug|Any CPU
		Release|Any CPU = Release|Any CPU
	EndGlobalSection
	GlobalSection(ProjectConfigurationPlatforms) = postSolution
		{C38A89CE-CE62-47D0-9005-248865506E4D}.Debug|Any CPU.ActiveCfg = Debug|Any CPU
		{C38A89CE-CE62-47D0-9005-248865506E4D}.Debug|Any CPU.Build.0 = Debug|Any CPU
		{C38A89CE-CE62-47D0-9005-248865506E4D}.Release|Any CPU.ActiveCfg = Release|Any CPU
		{C38A89CE-CE62-47D0-9005-248865506E4D}.Release|Any CPU.Build.0 = Release|Any CPU
		{45D2EB81-9515-4619-AA1C-5ED167145A56}.Debug|Any CPU.ActiveCfg = Debug|Any CPU
		{45D2EB81-9515-4619-AA1C-5ED167145A56}.Debug|Any CPU.Build.0 = Debug|Any CPU
		{45D2EB81-9515-4619-AA1C-5ED167145A56}.Release|Any CPU.ActiveCfg = Release|Any CPU
		{45D2EB81-9515-4619-AA1C-5ED167145A56}.Release|Any CPU.Build.0 = Release|Any CPU
		{0D9F6C24-3852-4653-9CE7-E4D44B61692B}.Debug|Any CPU.ActiveCfg = Debug|Any CPU
		{0D9F6C24-3852-4653-9CE7-E4D44B61692B}.Debug|Any CPU.Build.0 = Debug|Any CPU
		{0D9F6C24-3852-4653-9CE7-E4D44B61692B}.Release|Any CPU.ActiveCfg = Release|Any CPU
		{0D9F6C24-3852-4653-9CE7-E4D44B61692B}.Release|Any CPU.Build.0 = Release|Any CPU
		{591C98B6-89E0-4647-B48A-985AC1C3B1A7}.Debug|Any CPU.ActiveCfg = Debug|Any CPU
		{591C98B6-89E0-4647-B48A-985AC1C3B1A7}.Debug|Any CPU.Build.0 = Debug|Any CPU
		{591C98B6-89E0-4647-B48A-985AC1C3B1A7}.Release|Any CPU.ActiveCfg = Release|Any CPU
		{591C98B6-89E0-4647-B48A-985AC1C3B1A7}.Release|Any CPU.Build.0 = Release|Any CPU
		{BD58EFC2-9B9C-455C-AB8F-0E85B8C6FF76}.Debug|Any CPU.ActiveCfg = Debug|Any CPU
		{BD58EFC2-9B9C-455C-AB8F-0E85B8C6FF76}.Debug|Any CPU.Build.0 = Debug|Any CPU
		{BD58EFC2-9B9C-455C-AB8F-0E85B8C6FF76}.Release|Any CPU.ActiveCfg = Release|Any CPU
		{BD58EFC2-9B9C-455C-AB8F-0E85B8C6FF76}.Release|Any CPU.Build.0 = Release|Any CPU
	EndGlobalSection
	GlobalSection(SolutionProperties) = preSolution
		HideSolutionNode = FALSE
	EndGlobalSection
	GlobalSection(ExtensibilityGlobals) = postSolution
		SolutionGuid = {8E452BA5-E6A8-478D-8DCA-3B99C07AB288}
	EndGlobalSection
EndGlobal
